
Microsoft Visual Studio Solution File, Format Version 12.00
# Visual Studio Version 17
VisualStudioVersion = 17.2.32519.379
MinimumVisualStudioVersion = 10.0.40219.1
Project("{FAE04EC0-301F-11D3-BF4B-00C04F79EFBC}") = "Class9", "Class9\Class9.csproj", "{9FE6362B-2544-4A02-B44E-6BCCAC496E07}"
EndProject
Global
	GlobalSection(SolutionConfigurationPlatforms) = preSolution
		Debug|Any CPU = Debug|Any CPU
		Release|Any CPU = Release|Any CPU
	EndGlobalSection
	GlobalSection(ProjectConfigurationPlatforms) = postSolution
		{9FE6362B-2544-4A02-B44E-6BCCAC496E07}.Debug|Any CPU.ActiveCfg = Debug|Any CPU
		{9FE6362B-2544-4A02-B44E-6BCCAC496E07}.Debug|Any CPU.Build.0 = Debug|Any CPU
		{9FE6362B-2544-4A02-B44E-6BCCAC496E07}.Release|Any CPU.ActiveCfg = Release|Any CPU
		{9FE6362B-2544-4A02-B44E-6BCCAC496E07}.Release|Any CPU.Build.0 = Release|Any CPU
	EndGlobalSection
	GlobalSection(SolutionProperties) = preSolution
		HideSolutionNode = FALSE
	EndGlobalSection
	GlobalSection(ExtensibilityGlobals) = postSolution
		SolutionGuid = {829CFE8C-2E8B-4D5E-894C-0172ABB9DF95}
	EndGlobalSection
EndGlobal
