
Microsoft Visual Studio Solution File, Format Version 12.00
# Visual Studio Version 17
VisualStudioVersion = 17.2.32519.379
MinimumVisualStudioVersion = 10.0.40219.1
Project("{FAE04EC0-301F-11D3-BF4B-00C04F79EFBC}") = "Class3", "Class3\Class3.csproj", "{64690920-BB15-4B2D-8C3A-757EC322A792}"
EndProject
Global
	GlobalSection(SolutionConfigurationPlatforms) = preSolution
		Debug|Any CPU = Debug|Any CPU
		Release|Any CPU = Release|Any CPU
	EndGlobalSection
	GlobalSection(ProjectConfigurationPlatforms) = postSolution
		{64690920-BB15-4B2D-8C3A-757EC322A792}.Debug|Any CPU.ActiveCfg = Debug|Any CPU
		{64690920-BB15-4B2D-8C3A-757EC322A792}.Debug|Any CPU.Build.0 = Debug|Any CPU
		{64690920-BB15-4B2D-8C3A-757EC322A792}.Release|Any CPU.ActiveCfg = Release|Any CPU
		{64690920-BB15-4B2D-8C3A-757EC322A792}.Release|Any CPU.Build.0 = Release|Any CPU
	EndGlobalSection
	GlobalSection(SolutionProperties) = preSolution
		HideSolutionNode = FALSE
	EndGlobalSection
	GlobalSection(ExtensibilityGlobals) = postSolution
		SolutionGuid = {4471C1D0-496B-4C39-A568-A41583F37F6F}
	EndGlobalSection
EndGlobal
