
Microsoft Visual Studio Solution File, Format Version 12.00
# Visual Studio Version 17
VisualStudioVersion = 17.5.33502.453
MinimumVisualStudioVersion = 10.0.40219.1
Project("{FAE04EC0-301F-11D3-BF4B-00C04F79EFBC}") = "Class16", "Class16\Class16.csproj", "{88BF1599-C310-465E-A083-FDD51E4A58E6}"
EndProject
Global
	GlobalSection(SolutionConfigurationPlatforms) = preSolution
		Debug|Any CPU = Debug|Any CPU
		Release|Any CPU = Release|Any CPU
	EndGlobalSection
	GlobalSection(ProjectConfigurationPlatforms) = postSolution
		{88BF1599-C310-465E-A083-FDD51E4A58E6}.Debug|Any CPU.ActiveCfg = Debug|Any CPU
		{88BF1599-C310-465E-A083-FDD51E4A58E6}.Debug|Any CPU.Build.0 = Debug|Any CPU
		{88BF1599-C310-465E-A083-FDD51E4A58E6}.Release|Any CPU.ActiveCfg = Release|Any CPU
		{88BF1599-C310-465E-A083-FDD51E4A58E6}.Release|Any CPU.Build.0 = Release|Any CPU
	EndGlobalSection
	GlobalSection(SolutionProperties) = preSolution
		HideSolutionNode = FALSE
	EndGlobalSection
	GlobalSection(ExtensibilityGlobals) = postSolution
		SolutionGuid = {117B535D-864E-47B6-8F83-D0CB6464A427}
	EndGlobalSection
EndGlobal
